
Microsoft Visual Studio Solution File, Format Version 12.00
# Visual Studio Version 17
VisualStudioVersion = 17.10.35027.167
MinimumVisualStudioVersion = 10.0.40219.1
Project("{9A19103F-16F7-4668-BE54-9A1E7A4F7556}") = "StaffMgtBlazorApp", "StaffMgtBlazorApp.csproj", "{F73F1F29-6893-4455-86A0-812F7E1B5A67}"
EndProject
Global
	GlobalSection(SolutionConfigurationPlatforms) = preSolution
		Debug|Any CPU = Debug|Any CPU
		Release|Any CPU = Release|Any CPU
	EndGlobalSection
	GlobalSection(ProjectConfigurationPlatforms) = postSolution
		{F73F1F29-6893-4455-86A0-812F7E1B5A67}.Debug|Any CPU.ActiveCfg = Debug|Any CPU
		{F73F1F29-6893-4455-86A0-812F7E1B5A67}.Debug|Any CPU.Build.0 = Debug|Any CPU
		{F73F1F29-6893-4455-86A0-812F7E1B5A67}.Release|Any CPU.ActiveCfg = Release|Any CPU
		{F73F1F29-6893-4455-86A0-812F7E1B5A67}.Release|Any CPU.Build.0 = Release|Any CPU
	EndGlobalSection
	GlobalSection(SolutionProperties) = preSolution
		HideSolutionNode = FALSE
	EndGlobalSection
	GlobalSection(ExtensibilityGlobals) = postSolution
		SolutionGuid = {1E945061-507D-41B1-A17B-FBD00130C541}
	EndGlobalSection
EndGlobal
